{
  "nodes": {
    "nixpkgs": {
      "locked": {
        "lastModified": 1785952951,
        "narHash": "sha256-GMB4wJbLL/9gqBwj9KFrOkPC66DyQxim068xkiubmt4=",
        "owner": "NixOS",
        "repo": "nixpkgs",
        "rev": "9e57802f3e12163dde815353165ae89e14a585f0",
        "type": "github"
      },
      "original": {
        "owner": "NixOS",
        "repo": "nixpkgs",
        "rev": "9e57802f3e12163dde815353165ae89e14a585f0",
        "type": "github"
      }
    },
    "root": {
      "inputs": {
        "nixpkgs": "nixpkgs",
        "rust-overlay": "rust-overlay"
      }
    },
    "rust-overlay": {
      "inputs": {
        "nixpkgs": [
          "nixpkgs"
        ]
      },
      "locked": {
        "lastModified": 1785907205,
        "narHash": "sha256-Ds1vTi53af4wDMAveSR/K0JnywDslLwmgwhVIiwnNmY=",
        "owner": "oxalica",
        "repo": "rust-overlay",
        "rev": "c5cb13481d718fac906aa9cfd85f9b60e1a546cb",
        "type": "github"
      },
      "original": {
        "owner": "oxalica",
        "repo": "rust-overlay",
        "rev": "c5cb13481d718fac906aa9cfd85f9b60e1a546cb",
        "type": "github"
      }
    }
  },
  "root": "root",
  "version": 7
}
