{
  "nodes": {
    "nixpkgs": {
      "locked": {
        "lastModified": 1785952951,
        "narHash": "sha256-GMB4wJbLL/9gqBwj9KFrOkPC66DyQxim068xkiubmt4=",
        "owner": "NixOS",
        "repo": "nixpkgs",
        "rev": "9e57802f3e12163dde815353165ae89e14a585f0",
        "type": "github"
      },
      "original": {
        "owner": "NixOS",
        "repo": "nixpkgs",
        "rev": "9e57802f3e12163dde815353165ae89e14a585f0",
        "type": "github"
      }
    },
    "root": {
      "inputs": {
        "nixpkgs": "nixpkgs"
      }
    }
  },
  "root": "root",
  "version": 7
}
